
Microsoft Visual Studio Solution File, Format Version 12.00
# Visual Studio Version 16
VisualStudioVersion = 16.0.33328.57
MinimumVisualStudioVersion = 10.0.40219.1
Project("{FAE04EC0-301F-11D3-BF4B-00C04F79EFBC}") = "Practica4.IU", "Practica4.IU\Practica4.IU.csproj", "{BF67B7C2-2C3D-4A27-90F8-2A4642B2DE4E}"
EndProject
Project("{FAE04EC0-301F-11D3-BF4B-00C04F79EFBC}") = "Practica4.Logic", "Practica4.Logic\Practica4.Logic.csproj", "{FC7305C7-8E20-4E85-9F44-C688BA5FCFBF}"
EndProject
Project("{FAE04EC0-301F-11D3-BF4B-00C04F79EFBC}") = "Practica4.Data", "Practica4.Data\Practica4.Data.csproj", "{1F114356-2BBE-43AD-8766-DD6E2E5A1547}"
EndProject
Project("{FAE04EC0-301F-11D3-BF4B-00C04F79EFBC}") = "Practica4.Entities", "Practica4.Entities\Practica4.Entities.csproj", "{9DECB2D2-B4A5-42E7-B60F-6AD7A8C7B57D}"
EndProject
Project("{FAE04EC0-301F-11D3-BF4B-00C04F79EFBC}") = "Practica4.MVC", "Practica4.MVC\Practica4.MVC.csproj", "{6C5431A2-BE1B-4400-A334-82F622144887}"
EndProject
Project("{FAE04EC0-301F-11D3-BF4B-00C04F79EFBC}") = "Practica4.WebApi", "Practica4\Practica4.WebApi.csproj", "{48A7D6A1-2D88-4DDA-961D-073DACDCF455}"
EndProject
Global
	GlobalSection(SolutionConfigurationPlatforms) = preSolution
		Debug|Any CPU = Debug|Any CPU
		Release|Any CPU = Release|Any CPU
	EndGlobalSection
	GlobalSection(ProjectConfigurationPlatforms) = postSolution
		{BF67B7C2-2C3D-4A27-90F8-2A4642B2DE4E}.Debug|Any CPU.ActiveCfg = Debug|Any CPU
		{BF67B7C2-2C3D-4A27-90F8-2A4642B2DE4E}.Debug|Any CPU.Build.0 = Debug|Any CPU
		{BF67B7C2-2C3D-4A27-90F8-2A4642B2DE4E}.Release|Any CPU.ActiveCfg = Release|Any CPU
		{BF67B7C2-2C3D-4A27-90F8-2A4642B2DE4E}.Release|Any CPU.Build.0 = Release|Any CPU
		{FC7305C7-8E20-4E85-9F44-C688BA5FCFBF}.Debug|Any CPU.ActiveCfg = Debug|Any CPU
		{FC7305C7-8E20-4E85-9F44-C688BA5FCFBF}.Debug|Any CPU.Build.0 = Debug|Any CPU
		{FC7305C7-8E20-4E85-9F44-C688BA5FCFBF}.Release|Any CPU.ActiveCfg = Release|Any CPU
		{FC7305C7-8E20-4E85-9F44-C688BA5FCFBF}.Release|Any CPU.Build.0 = Release|Any CPU
		{1F114356-2BBE-43AD-8766-DD6E2E5A1547}.Debug|Any CPU.ActiveCfg = Debug|Any CPU
		{1F114356-2BBE-43AD-8766-DD6E2E5A1547}.Debug|Any CPU.Build.0 = Debug|Any CPU
		{1F114356-2BBE-43AD-8766-DD6E2E5A1547}.Release|Any CPU.ActiveCfg = Release|Any CPU
		{1F114356-2BBE-43AD-8766-DD6E2E5A1547}.Release|Any CPU.Build.0 = Release|Any CPU
		{9DECB2D2-B4A5-42E7-B60F-6AD7A8C7B57D}.Debug|Any CPU.ActiveCfg = Debug|Any CPU
		{9DECB2D2-B4A5-42E7-B60F-6AD7A8C7B57D}.Debug|Any CPU.Build.0 = Debug|Any CPU
		{9DECB2D2-B4A5-42E7-B60F-6AD7A8C7B57D}.Release|Any CPU.ActiveCfg = Release|Any CPU
		{9DECB2D2-B4A5-42E7-B60F-6AD7A8C7B57D}.Release|Any CPU.Build.0 = Release|Any CPU
		{6C5431A2-BE1B-4400-A334-82F622144887}.Debug|Any CPU.ActiveCfg = Debug|Any CPU
		{6C5431A2-BE1B-4400-A334-82F622144887}.Debug|Any CPU.Build.0 = Debug|Any CPU
		{6C5431A2-BE1B-4400-A334-82F622144887}.Release|Any CPU.ActiveCfg = Release|Any CPU
		{6C5431A2-BE1B-4400-A334-82F622144887}.Release|Any CPU.Build.0 = Release|Any CPU
		{48A7D6A1-2D88-4DDA-961D-073DACDCF455}.Debug|Any CPU.ActiveCfg = Debug|Any CPU
		{48A7D6A1-2D88-4DDA-961D-073DACDCF455}.Debug|Any CPU.Build.0 = Debug|Any CPU
		{48A7D6A1-2D88-4DDA-961D-073DACDCF455}.Release|Any CPU.ActiveCfg = Release|Any CPU
		{48A7D6A1-2D88-4DDA-961D-073DACDCF455}.Release|Any CPU.Build.0 = Release|Any CPU
	EndGlobalSection
	GlobalSection(SolutionProperties) = preSolution
		HideSolutionNode = FALSE
	EndGlobalSection
	GlobalSection(ExtensibilityGlobals) = postSolution
		SolutionGuid = {CECD93F6-2491-435F-BF8A-2F1925170668}
	EndGlobalSection
EndGlobal
